
Microsoft Visual Studio Solution File, Format Version 11.00
# Visual Studio 2010
Project("{FAE04EC0-301F-11D3-BF4B-00C04F79EFBC}") = "VIETBAIT.DICOMSCP", "VIETBAIT.DICOMSCP\VIETBAIT.DICOMSCP.csproj", "{835E961C-E3E3-4212-9B5A-70924395C085}"
EndProject
Project("{FAE04EC0-301F-11D3-BF4B-00C04F79EFBC}") = "VIETBAIT.DICOMSERVER.SERVERCONFIG", "VIETBAIT.DICOMSERVER.SERVERMANAGER\VIETBAIT.DICOMSERVER.SERVERCONFIG.csproj", "{3C1EDBBC-F149-4140-A3FD-291761E54A3A}"
EndProject
Project("{FAE04EC0-301F-11D3-BF4B-00C04F79EFBC}") = "VIETBAIT.ImageServer.Models", "VIETBAIT.ImageServer.Models\VIETBAIT.ImageServer.Models.csproj", "{173121F5-D3D1-4DC9-89DE-97E895981C1D}"
EndProject
Project("{F184B08F-C81C-45F6-A57F-5ABD9991F28F}") = "VIETBAIT.WORKLIST", "VIETBAIT.WORKLIST\VIETBAIT.WORKLIST.vbproj", "{4ECC0E41-AC3B-4186-B219-57FCAE93CFFF}"
EndProject
Project("{F184B08F-C81C-45F6-A57F-5ABD9991F28F}") = "VIETBAIT.DICOMPDU", "VIETBAIT.DICOMPDU\VIETBAIT.DICOMPDU.vbproj", "{68E9EA0D-FF97-47E9-8BEC-89C556488591}"
EndProject
Project("{F184B08F-C81C-45F6-A57F-5ABD9991F28F}") = "VIETBAIT.AASSOCIATE", "VIETBAIT.AASSOCIATE\VIETBAIT.AASSOCIATE.vbproj", "{6AE57115-6A14-47CF-A2C3-47F65F325203}"
EndProject
Project("{FAE04EC0-301F-11D3-BF4B-00C04F79EFBC}") = "VIETBAIT.DICOMPrint", "VIETBAIT.DICOMPrint\VIETBAIT.DICOMPrint.csproj", "{4941F2A7-049D-46E8-B30B-2D322E002FA7}"
EndProject
Project("{FAE04EC0-301F-11D3-BF4B-00C04F79EFBC}") = "VIETBAIT.DICOMHelper", "VIETBAIT.DICOMHelper\VIETBAIT.DICOMHelper.csproj", "{B1FD5351-6005-4D97-A3EE-8C55477ED1B8}"
EndProject
Project("{F184B08F-C81C-45F6-A57F-5ABD9991F28F}") = "VIETBAIT.DICOM.DIMSE_N", "VIETBAIT.DICOM.DIMSE_N\VIETBAIT.DICOM.DIMSE_N.vbproj", "{51C5FAA0-48B7-480E-B2F0-B372C0901E50}"
EndProject
Project("{FAE04EC0-301F-11D3-BF4B-00C04F79EFBC}") = "VIETBAIT.DICOM.DIMSE-N", "VIETBAIT.DICOM.DIMSE-N\VIETBAIT.DICOM.DIMSE-N.csproj", "{ECDA9F6C-40F6-40C3-A021-8BF84D0E57AE}"
EndProject
Project("{FAE04EC0-301F-11D3-BF4B-00C04F79EFBC}") = "VIETBAIT.DICOM.BASE", "VIETBAIT.DICOM.BASE\VIETBAIT.DICOM.BASE.csproj", "{60851FF0-82BE-4C2A-9E08-1273DF50A9FC}"
EndProject
Project("{FAE04EC0-301F-11D3-BF4B-00C04F79EFBC}") = "VietBaIT.RISLink.Business.NghiepVu", "VietBaIT.RISLink.Business.NghiepVu\VietBaIT.RISLink.Business.NghiepVu.csproj", "{38599A8A-632A-44F3-B664-0BED8A2C7933}"
EndProject
Project("{FAE04EC0-301F-11D3-BF4B-00C04F79EFBC}") = "VietBaIT.RISLink.DataAccessLayer", "VietBaIT.RISLink.DataAccessLayer\VietBaIT.RISLink.DataAccessLayer.csproj", "{3501576B-90AA-4BCD-B555-1055682574FF}"
EndProject
Project("{FAE04EC0-301F-11D3-BF4B-00C04F79EFBC}") = "VietBaIT.CommonLibrary", "VietBaIT.CommonLibrary\VietBaIT.CommonLibrary.csproj", "{50F5AC97-89AB-45F1-942D-86A37C3CF203}"
EndProject
Global
	GlobalSection(SolutionConfigurationPlatforms) = preSolution
		Debug|Any CPU = Debug|Any CPU
		Debug|Mixed Platforms = Debug|Mixed Platforms
		Debug|x64 = Debug|x64
		Debug|x86 = Debug|x86
		Release|Any CPU = Release|Any CPU
		Release|Mixed Platforms = Release|Mixed Platforms
		Release|x64 = Release|x64
		Release|x86 = Release|x86
	EndGlobalSection
	GlobalSection(ProjectConfigurationPlatforms) = postSolution
		{835E961C-E3E3-4212-9B5A-70924395C085}.Debug|Any CPU.ActiveCfg = Debug|Any CPU
		{835E961C-E3E3-4212-9B5A-70924395C085}.Debug|Any CPU.Build.0 = Debug|Any CPU
		{835E961C-E3E3-4212-9B5A-70924395C085}.Debug|Mixed Platforms.ActiveCfg = Debug|Any CPU
		{835E961C-E3E3-4212-9B5A-70924395C085}.Debug|x64.ActiveCfg = Debug|Any CPU
		{835E961C-E3E3-4212-9B5A-70924395C085}.Debug|x86.ActiveCfg = Debug|Any CPU
		{835E961C-E3E3-4212-9B5A-70924395C085}.Release|Any CPU.ActiveCfg = Release|Any CPU
		{835E961C-E3E3-4212-9B5A-70924395C085}.Release|Any CPU.Build.0 = Release|Any CPU
		{835E961C-E3E3-4212-9B5A-70924395C085}.Release|Mixed Platforms.ActiveCfg = Release|Any CPU
		{835E961C-E3E3-4212-9B5A-70924395C085}.Release|Mixed Platforms.Build.0 = Release|Any CPU
		{835E961C-E3E3-4212-9B5A-70924395C085}.Release|x64.ActiveCfg = Release|Any CPU
		{835E961C-E3E3-4212-9B5A-70924395C085}.Release|x86.ActiveCfg = Release|Any CPU
		{3C1EDBBC-F149-4140-A3FD-291761E54A3A}.Debug|Any CPU.ActiveCfg = Debug|Any CPU
		{3C1EDBBC-F149-4140-A3FD-291761E54A3A}.Debug|Any CPU.Build.0 = Debug|Any CPU
		{3C1EDBBC-F149-4140-A3FD-291761E54A3A}.Debug|Mixed Platforms.ActiveCfg = Debug|Any CPU
		{3C1EDBBC-F149-4140-A3FD-291761E54A3A}.Debug|x64.ActiveCfg = Debug|Any CPU
		{3C1EDBBC-F149-4140-A3FD-291761E54A3A}.Debug|x86.ActiveCfg = Debug|Any CPU
		{3C1EDBBC-F149-4140-A3FD-291761E54A3A}.Release|Any CPU.ActiveCfg = Release|Any CPU
		{3C1EDBBC-F149-4140-A3FD-291761E54A3A}.Release|Any CPU.Build.0 = Release|Any CPU
		{3C1EDBBC-F149-4140-A3FD-291761E54A3A}.Release|Mixed Platforms.ActiveCfg = Release|Any CPU
		{3C1EDBBC-F149-4140-A3FD-291761E54A3A}.Release|Mixed Platforms.Build.0 = Release|Any CPU
		{3C1EDBBC-F149-4140-A3FD-291761E54A3A}.Release|x64.ActiveCfg = Release|Any CPU
		{3C1EDBBC-F149-4140-A3FD-291761E54A3A}.Release|x86.ActiveCfg = Release|Any CPU
		{173121F5-D3D1-4DC9-89DE-97E895981C1D}.Debug|Any CPU.ActiveCfg = Debug|Any CPU
		{173121F5-D3D1-4DC9-89DE-97E895981C1D}.Debug|Any CPU.Build.0 = Debug|Any CPU
		{173121F5-D3D1-4DC9-89DE-97E895981C1D}.Debug|Mixed Platforms.ActiveCfg = Debug|Any CPU
		{173121F5-D3D1-4DC9-89DE-97E895981C1D}.Debug|Mixed Platforms.Build.0 = Debug|Any CPU
		{173121F5-D3D1-4DC9-89DE-97E895981C1D}.Debug|x64.ActiveCfg = Debug|Any CPU
		{173121F5-D3D1-4DC9-89DE-97E895981C1D}.Debug|x86.ActiveCfg = Debug|Any CPU
		{173121F5-D3D1-4DC9-89DE-97E895981C1D}.Release|Any CPU.ActiveCfg = Release|Any CPU
		{173121F5-D3D1-4DC9-89DE-97E895981C1D}.Release|Any CPU.Build.0 = Release|Any CPU
		{173121F5-D3D1-4DC9-89DE-97E895981C1D}.Release|Mixed Platforms.ActiveCfg = Release|Any CPU
		{173121F5-D3D1-4DC9-89DE-97E895981C1D}.Release|Mixed Platforms.Build.0 = Release|Any CPU
		{173121F5-D3D1-4DC9-89DE-97E895981C1D}.Release|x64.ActiveCfg = Release|Any CPU
		{173121F5-D3D1-4DC9-89DE-97E895981C1D}.Release|x86.ActiveCfg = Release|Any CPU
		{4ECC0E41-AC3B-4186-B219-57FCAE93CFFF}.Debug|Any CPU.ActiveCfg = Debug|Any CPU
		{4ECC0E41-AC3B-4186-B219-57FCAE93CFFF}.Debug|Any CPU.Build.0 = Debug|Any CPU
		{4ECC0E41-AC3B-4186-B219-57FCAE93CFFF}.Debug|Mixed Platforms.ActiveCfg = Debug|Any CPU
		{4ECC0E41-AC3B-4186-B219-57FCAE93CFFF}.Debug|Mixed Platforms.Build.0 = Debug|Any CPU
		{4ECC0E41-AC3B-4186-B219-57FCAE93CFFF}.Debug|x64.ActiveCfg = Debug|Any CPU
		{4ECC0E41-AC3B-4186-B219-57FCAE93CFFF}.Debug|x86.ActiveCfg = Debug|Any CPU
		{4ECC0E41-AC3B-4186-B219-57FCAE93CFFF}.Release|Any CPU.ActiveCfg = Release|Any CPU
		{4ECC0E41-AC3B-4186-B219-57FCAE93CFFF}.Release|Any CPU.Build.0 = Release|Any CPU
		{4ECC0E41-AC3B-4186-B219-57FCAE93CFFF}.Release|Mixed Platforms.ActiveCfg = Release|Any CPU
		{4ECC0E41-AC3B-4186-B219-57FCAE93CFFF}.Release|Mixed Platforms.Build.0 = Release|Any CPU
		{4ECC0E41-AC3B-4186-B219-57FCAE93CFFF}.Release|x64.ActiveCfg = Release|Any CPU
		{4ECC0E41-AC3B-4186-B219-57FCAE93CFFF}.Release|x86.ActiveCfg = Release|Any CPU
		{68E9EA0D-FF97-47E9-8BEC-89C556488591}.Debug|Any CPU.ActiveCfg = Debug|Any CPU
		{68E9EA0D-FF97-47E9-8BEC-89C556488591}.Debug|Any CPU.Build.0 = Debug|Any CPU
		{68E9EA0D-FF97-47E9-8BEC-89C556488591}.Debug|Mixed Platforms.ActiveCfg = Debug|Any CPU
		{68E9EA0D-FF97-47E9-8BEC-89C556488591}.Debug|Mixed Platforms.Build.0 = Debug|Any CPU
		{68E9EA0D-FF97-47E9-8BEC-89C556488591}.Debug|x64.ActiveCfg = Debug|Any CPU
		{68E9EA0D-FF97-47E9-8BEC-89C556488591}.Debug|x86.ActiveCfg = Debug|Any CPU
		{68E9EA0D-FF97-47E9-8BEC-89C556488591}.Release|Any CPU.ActiveCfg = Release|Any CPU
		{68E9EA0D-FF97-47E9-8BEC-89C556488591}.Release|Any CPU.Build.0 = Release|Any CPU
		{68E9EA0D-FF97-47E9-8BEC-89C556488591}.Release|Mixed Platforms.ActiveCfg = Release|Any CPU
		{68E9EA0D-FF97-47E9-8BEC-89C556488591}.Release|Mixed Platforms.Build.0 = Release|Any CPU
		{68E9EA0D-FF97-47E9-8BEC-89C556488591}.Release|x64.ActiveCfg = Release|Any CPU
		{68E9EA0D-FF97-47E9-8BEC-89C556488591}.Release|x86.ActiveCfg = Release|Any CPU
		{6AE57115-6A14-47CF-A2C3-47F65F325203}.Debug|Any CPU.ActiveCfg = Debug|Any CPU
		{6AE57115-6A14-47CF-A2C3-47F65F325203}.Debug|Any CPU.Build.0 = Debug|Any CPU
		{6AE57115-6A14-47CF-A2C3-47F65F325203}.Debug|Mixed Platforms.ActiveCfg = Debug|Any CPU
		{6AE57115-6A14-47CF-A2C3-47F65F325203}.Debug|Mixed Platforms.Build.0 = Debug|Any CPU
		{6AE57115-6A14-47CF-A2C3-47F65F325203}.Debug|x64.ActiveCfg = Debug|Any CPU
		{6AE57115-6A14-47CF-A2C3-47F65F325203}.Debug|x86.ActiveCfg = Debug|Any CPU
		{6AE57115-6A14-47CF-A2C3-47F65F325203}.Release|Any CPU.ActiveCfg = Release|Any CPU
		{6AE57115-6A14-47CF-A2C3-47F65F325203}.Release|Any CPU.Build.0 = Release|Any CPU
		{6AE57115-6A14-47CF-A2C3-47F65F325203}.Release|Mixed Platforms.ActiveCfg = Release|Any CPU
		{6AE57115-6A14-47CF-A2C3-47F65F325203}.Release|Mixed Platforms.Build.0 = Release|Any CPU
		{6AE57115-6A14-47CF-A2C3-47F65F325203}.Release|x64.ActiveCfg = Release|Any CPU
		{6AE57115-6A14-47CF-A2C3-47F65F325203}.Release|x86.ActiveCfg = Release|Any CPU
		{4941F2A7-049D-46E8-B30B-2D322E002FA7}.Debug|Any CPU.ActiveCfg = Debug|Any CPU
		{4941F2A7-049D-46E8-B30B-2D322E002FA7}.Debug|Any CPU.Build.0 = Debug|Any CPU
		{4941F2A7-049D-46E8-B30B-2D322E002FA7}.Debug|Mixed Platforms.ActiveCfg = Debug|Any CPU
		{4941F2A7-049D-46E8-B30B-2D322E002FA7}.Debug|Mixed Platforms.Build.0 = Debug|Any CPU
		{4941F2A7-049D-46E8-B30B-2D322E002FA7}.Debug|x64.ActiveCfg = Debug|Any CPU
		{4941F2A7-049D-46E8-B30B-2D322E002FA7}.Debug|x86.ActiveCfg = Debug|Any CPU
		{4941F2A7-049D-46E8-B30B-2D322E002FA7}.Release|Any CPU.ActiveCfg = Release|Any CPU
		{4941F2A7-049D-46E8-B30B-2D322E002FA7}.Release|Any CPU.Build.0 = Release|Any CPU
		{4941F2A7-049D-46E8-B30B-2D322E002FA7}.Release|Mixed Platforms.ActiveCfg = Release|Any CPU
		{4941F2A7-049D-46E8-B30B-2D322E002FA7}.Release|Mixed Platforms.Build.0 = Release|Any CPU
		{4941F2A7-049D-46E8-B30B-2D322E002FA7}.Release|x64.ActiveCfg = Release|Any CPU
		{4941F2A7-049D-46E8-B30B-2D322E002FA7}.Release|x86.ActiveCfg = Release|Any CPU
		{B1FD5351-6005-4D97-A3EE-8C55477ED1B8}.Debug|Any CPU.ActiveCfg = Debug|Any CPU
		{B1FD5351-6005-4D97-A3EE-8C55477ED1B8}.Debug|Any CPU.Build.0 = Debug|Any CPU
		{B1FD5351-6005-4D97-A3EE-8C55477ED1B8}.Debug|Mixed Platforms.ActiveCfg = Debug|Any CPU
		{B1FD5351-6005-4D97-A3EE-8C55477ED1B8}.Debug|Mixed Platforms.Build.0 = Debug|Any CPU
		{B1FD5351-6005-4D97-A3EE-8C55477ED1B8}.Debug|x64.ActiveCfg = Debug|Any CPU
		{B1FD5351-6005-4D97-A3EE-8C55477ED1B8}.Debug|x86.ActiveCfg = Debug|Any CPU
		{B1FD5351-6005-4D97-A3EE-8C55477ED1B8}.Release|Any CPU.ActiveCfg = Release|Any CPU
		{B1FD5351-6005-4D97-A3EE-8C55477ED1B8}.Release|Any CPU.Build.0 = Release|Any CPU
		{B1FD5351-6005-4D97-A3EE-8C55477ED1B8}.Release|Mixed Platforms.ActiveCfg = Release|Any CPU
		{B1FD5351-6005-4D97-A3EE-8C55477ED1B8}.Release|Mixed Platforms.Build.0 = Release|Any CPU
		{B1FD5351-6005-4D97-A3EE-8C55477ED1B8}.Release|x64.ActiveCfg = Release|Any CPU
		{B1FD5351-6005-4D97-A3EE-8C55477ED1B8}.Release|x86.ActiveCfg = Release|Any CPU
		{51C5FAA0-48B7-480E-B2F0-B372C0901E50}.Debug|Any CPU.ActiveCfg = Debug|Any CPU
		{51C5FAA0-48B7-480E-B2F0-B372C0901E50}.Debug|Any CPU.Build.0 = Debug|Any CPU
		{51C5FAA0-48B7-480E-B2F0-B372C0901E50}.Debug|Mixed Platforms.ActiveCfg = Debug|Any CPU
		{51C5FAA0-48B7-480E-B2F0-B372C0901E50}.Debug|Mixed Platforms.Build.0 = Debug|Any CPU
		{51C5FAA0-48B7-480E-B2F0-B372C0901E50}.Debug|x64.ActiveCfg = Debug|Any CPU
		{51C5FAA0-48B7-480E-B2F0-B372C0901E50}.Debug|x86.ActiveCfg = Debug|Any CPU
		{51C5FAA0-48B7-480E-B2F0-B372C0901E50}.Release|Any CPU.ActiveCfg = Release|Any CPU
		{51C5FAA0-48B7-480E-B2F0-B372C0901E50}.Release|Any CPU.Build.0 = Release|Any CPU
		{51C5FAA0-48B7-480E-B2F0-B372C0901E50}.Release|Mixed Platforms.ActiveCfg = Release|Any CPU
		{51C5FAA0-48B7-480E-B2F0-B372C0901E50}.Release|Mixed Platforms.Build.0 = Release|Any CPU
		{51C5FAA0-48B7-480E-B2F0-B372C0901E50}.Release|x64.ActiveCfg = Release|Any CPU
		{51C5FAA0-48B7-480E-B2F0-B372C0901E50}.Release|x86.ActiveCfg = Release|Any CPU
		{ECDA9F6C-40F6-40C3-A021-8BF84D0E57AE}.Debug|Any CPU.ActiveCfg = Debug|Any CPU
		{ECDA9F6C-40F6-40C3-A021-8BF84D0E57AE}.Debug|Any CPU.Build.0 = Debug|Any CPU
		{ECDA9F6C-40F6-40C3-A021-8BF84D0E57AE}.Debug|Mixed Platforms.ActiveCfg = Debug|Any CPU
		{ECDA9F6C-40F6-40C3-A021-8BF84D0E57AE}.Debug|Mixed Platforms.Build.0 = Debug|Any CPU
		{ECDA9F6C-40F6-40C3-A021-8BF84D0E57AE}.Debug|x64.ActiveCfg = Debug|Any CPU
		{ECDA9F6C-40F6-40C3-A021-8BF84D0E57AE}.Debug|x86.ActiveCfg = Debug|Any CPU
		{ECDA9F6C-40F6-40C3-A021-8BF84D0E57AE}.Release|Any CPU.ActiveCfg = Release|Any CPU
		{ECDA9F6C-40F6-40C3-A021-8BF84D0E57AE}.Release|Any CPU.Build.0 = Release|Any CPU
		{ECDA9F6C-40F6-40C3-A021-8BF84D0E57AE}.Release|Mixed Platforms.ActiveCfg = Release|Any CPU
		{ECDA9F6C-40F6-40C3-A021-8BF84D0E57AE}.Release|Mixed Platforms.Build.0 = Release|Any CPU
		{ECDA9F6C-40F6-40C3-A021-8BF84D0E57AE}.Release|x64.ActiveCfg = Release|Any CPU
		{ECDA9F6C-40F6-40C3-A021-8BF84D0E57AE}.Release|x86.ActiveCfg = Release|Any CPU
		{60851FF0-82BE-4C2A-9E08-1273DF50A9FC}.Debug|Any CPU.ActiveCfg = Debug|Any CPU
		{60851FF0-82BE-4C2A-9E08-1273DF50A9FC}.Debug|Any CPU.Build.0 = Debug|Any CPU
		{60851FF0-82BE-4C2A-9E08-1273DF50A9FC}.Debug|Mixed Platforms.ActiveCfg = Debug|Any CPU
		{60851FF0-82BE-4C2A-9E08-1273DF50A9FC}.Debug|Mixed Platforms.Build.0 = Debug|Any CPU
		{60851FF0-82BE-4C2A-9E08-1273DF50A9FC}.Debug|x64.ActiveCfg = Debug|Any CPU
		{60851FF0-82BE-4C2A-9E08-1273DF50A9FC}.Debug|x86.ActiveCfg = Debug|Any CPU
		{60851FF0-82BE-4C2A-9E08-1273DF50A9FC}.Release|Any CPU.ActiveCfg = Release|Any CPU
		{60851FF0-82BE-4C2A-9E08-1273DF50A9FC}.Release|Any CPU.Build.0 = Release|Any CPU
		{60851FF0-82BE-4C2A-9E08-1273DF50A9FC}.Release|Mixed Platforms.ActiveCfg = Release|Any CPU
		{60851FF0-82BE-4C2A-9E08-1273DF50A9FC}.Release|Mixed Platforms.Build.0 = Release|Any CPU
		{60851FF0-82BE-4C2A-9E08-1273DF50A9FC}.Release|x64.ActiveCfg = Release|Any CPU
		{60851FF0-82BE-4C2A-9E08-1273DF50A9FC}.Release|x86.ActiveCfg = Release|Any CPU
		{38599A8A-632A-44F3-B664-0BED8A2C7933}.Debug|Any CPU.ActiveCfg = Debug|Any CPU
		{38599A8A-632A-44F3-B664-0BED8A2C7933}.Debug|Any CPU.Build.0 = Debug|Any CPU
		{38599A8A-632A-44F3-B664-0BED8A2C7933}.Debug|Mixed Platforms.ActiveCfg = Debug|Any CPU
		{38599A8A-632A-44F3-B664-0BED8A2C7933}.Debug|Mixed Platforms.Build.0 = Debug|Any CPU
		{38599A8A-632A-44F3-B664-0BED8A2C7933}.Debug|x64.ActiveCfg = Debug|Any CPU
		{38599A8A-632A-44F3-B664-0BED8A2C7933}.Debug|x86.ActiveCfg = Debug|Any CPU
		{38599A8A-632A-44F3-B664-0BED8A2C7933}.Release|Any CPU.ActiveCfg = Release|Any CPU
		{38599A8A-632A-44F3-B664-0BED8A2C7933}.Release|Any CPU.Build.0 = Release|Any CPU
		{38599A8A-632A-44F3-B664-0BED8A2C7933}.Release|Mixed Platforms.ActiveCfg = Release|Any CPU
		{38599A8A-632A-44F3-B664-0BED8A2C7933}.Release|Mixed Platforms.Build.0 = Release|Any CPU
		{38599A8A-632A-44F3-B664-0BED8A2C7933}.Release|x64.ActiveCfg = Release|Any CPU
		{38599A8A-632A-44F3-B664-0BED8A2C7933}.Release|x86.ActiveCfg = Release|Any CPU
		{3501576B-90AA-4BCD-B555-1055682574FF}.Debug|Any CPU.ActiveCfg = Debug|Any CPU
		{3501576B-90AA-4BCD-B555-1055682574FF}.Debug|Any CPU.Build.0 = Debug|Any CPU
		{3501576B-90AA-4BCD-B555-1055682574FF}.Debug|Mixed Platforms.ActiveCfg = Debug|Any CPU
		{3501576B-90AA-4BCD-B555-1055682574FF}.Debug|Mixed Platforms.Build.0 = Debug|Any CPU
		{3501576B-90AA-4BCD-B555-1055682574FF}.Debug|x64.ActiveCfg = Debug|Any CPU
		{3501576B-90AA-4BCD-B555-1055682574FF}.Debug|x86.ActiveCfg = Debug|Any CPU
		{3501576B-90AA-4BCD-B555-1055682574FF}.Release|Any CPU.ActiveCfg = Release|Any CPU
		{3501576B-90AA-4BCD-B555-1055682574FF}.Release|Any CPU.Build.0 = Release|Any CPU
		{3501576B-90AA-4BCD-B555-1055682574FF}.Release|Mixed Platforms.ActiveCfg = Release|Any CPU
		{3501576B-90AA-4BCD-B555-1055682574FF}.Release|Mixed Platforms.Build.0 = Release|Any CPU
		{3501576B-90AA-4BCD-B555-1055682574FF}.Release|x64.ActiveCfg = Release|Any CPU
		{3501576B-90AA-4BCD-B555-1055682574FF}.Release|x86.ActiveCfg = Release|Any CPU
		{50F5AC97-89AB-45F1-942D-86A37C3CF203}.Debug|Any CPU.ActiveCfg = Debug|Any CPU
		{50F5AC97-89AB-45F1-942D-86A37C3CF203}.Debug|Any CPU.Build.0 = Debug|Any CPU
		{50F5AC97-89AB-45F1-942D-86A37C3CF203}.Debug|Mixed Platforms.ActiveCfg = Debug|Any CPU
		{50F5AC97-89AB-45F1-942D-86A37C3CF203}.Debug|Mixed Platforms.Build.0 = Debug|Any CPU
		{50F5AC97-89AB-45F1-942D-86A37C3CF203}.Debug|x64.ActiveCfg = Debug|Any CPU
		{50F5AC97-89AB-45F1-942D-86A37C3CF203}.Debug|x86.ActiveCfg = Debug|Any CPU
		{50F5AC97-89AB-45F1-942D-86A37C3CF203}.Release|Any CPU.ActiveCfg = Release|Any CPU
		{50F5AC97-89AB-45F1-942D-86A37C3CF203}.Release|Any CPU.Build.0 = Release|Any CPU
		{50F5AC97-89AB-45F1-942D-86A37C3CF203}.Release|Mixed Platforms.ActiveCfg = Release|Any CPU
		{50F5AC97-89AB-45F1-942D-86A37C3CF203}.Release|Mixed Platforms.Build.0 = Release|Any CPU
		{50F5AC97-89AB-45F1-942D-86A37C3CF203}.Release|x64.ActiveCfg = Release|Any CPU
		{50F5AC97-89AB-45F1-942D-86A37C3CF203}.Release|x86.ActiveCfg = Release|Any CPU
	EndGlobalSection
	GlobalSection(SolutionProperties) = preSolution
		HideSolutionNode = FALSE
	EndGlobalSection
EndGlobal
